
Microsoft Visual Studio Solution File, Format Version 12.00
# Visual Studio 15
VisualStudioVersion = 15.0.26124.0
MinimumVisualStudioVersion = 15.0.26124.0
Project("{2150E333-8FDC-42A3-9474-1A3956D46DE8}") = "src", "src", "{7770F72E-FD9C-4A11-ADBC-5E161FA8FB9A}"
EndProject
Project("{FAE04EC0-301F-11D3-BF4B-00C04F79EFBC}") = "PreencheVaga.Dominio", "src\PreencheVaga.Dominio\PreencheVaga.Dominio.csproj", "{B1D9AC32-B14A-4EE0-9B4F-FD529E937856}"
EndProject
Project("{2150E333-8FDC-42A3-9474-1A3956D46DE8}") = "test", "test", "{9EDC4D62-84B7-4598-8E54-341A4FE9001F}"
EndProject
Project("{FAE04EC0-301F-11D3-BF4B-00C04F79EFBC}") = "PreencheVaga.DominioTest", "test\PreencheVaga.DominioTest\PreencheVaga.DominioTest.csproj", "{35AEAA6E-D935-42A9-93A6-F4731AFD6A30}"
EndProject
Global
	GlobalSection(SolutionConfigurationPlatforms) = preSolution
		Debug|Any CPU = Debug|Any CPU
		Debug|x64 = Debug|x64
		Debug|x86 = Debug|x86
		Release|Any CPU = Release|Any CPU
		Release|x64 = Release|x64
		Release|x86 = Release|x86
	EndGlobalSection
	GlobalSection(SolutionProperties) = preSolution
		HideSolutionNode = FALSE
	EndGlobalSection
	GlobalSection(ProjectConfigurationPlatforms) = postSolution
		{B1D9AC32-B14A-4EE0-9B4F-FD529E937856}.Debug|Any CPU.ActiveCfg = Debug|Any CPU
		{B1D9AC32-B14A-4EE0-9B4F-FD529E937856}.Debug|Any CPU.Build.0 = Debug|Any CPU
		{B1D9AC32-B14A-4EE0-9B4F-FD529E937856}.Debug|x64.ActiveCfg = Debug|x64
		{B1D9AC32-B14A-4EE0-9B4F-FD529E937856}.Debug|x64.Build.0 = Debug|x64
		{B1D9AC32-B14A-4EE0-9B4F-FD529E937856}.Debug|x86.ActiveCfg = Debug|x86
		{B1D9AC32-B14A-4EE0-9B4F-FD529E937856}.Debug|x86.Build.0 = Debug|x86
		{B1D9AC32-B14A-4EE0-9B4F-FD529E937856}.Release|Any CPU.ActiveCfg = Release|Any CPU
		{B1D9AC32-B14A-4EE0-9B4F-FD529E937856}.Release|Any CPU.Build.0 = Release|Any CPU
		{B1D9AC32-B14A-4EE0-9B4F-FD529E937856}.Release|x64.ActiveCfg = Release|x64
		{B1D9AC32-B14A-4EE0-9B4F-FD529E937856}.Release|x64.Build.0 = Release|x64
		{B1D9AC32-B14A-4EE0-9B4F-FD529E937856}.Release|x86.ActiveCfg = Release|x86
		{B1D9AC32-B14A-4EE0-9B4F-FD529E937856}.Release|x86.Build.0 = Release|x86
		{35AEAA6E-D935-42A9-93A6-F4731AFD6A30}.Debug|Any CPU.ActiveCfg = Debug|Any CPU
		{35AEAA6E-D935-42A9-93A6-F4731AFD6A30}.Debug|Any CPU.Build.0 = Debug|Any CPU
		{35AEAA6E-D935-42A9-93A6-F4731AFD6A30}.Debug|x64.ActiveCfg = Debug|x64
		{35AEAA6E-D935-42A9-93A6-F4731AFD6A30}.Debug|x64.Build.0 = Debug|x64
		{35AEAA6E-D935-42A9-93A6-F4731AFD6A30}.Debug|x86.ActiveCfg = Debug|x86
		{35AEAA6E-D935-42A9-93A6-F4731AFD6A30}.Debug|x86.Build.0 = Debug|x86
		{35AEAA6E-D935-42A9-93A6-F4731AFD6A30}.Release|Any CPU.ActiveCfg = Release|Any CPU
		{35AEAA6E-D935-42A9-93A6-F4731AFD6A30}.Release|Any CPU.Build.0 = Release|Any CPU
		{35AEAA6E-D935-42A9-93A6-F4731AFD6A30}.Release|x64.ActiveCfg = Release|x64
		{35AEAA6E-D935-42A9-93A6-F4731AFD6A30}.Release|x64.Build.0 = Release|x64
		{35AEAA6E-D935-42A9-93A6-F4731AFD6A30}.Release|x86.ActiveCfg = Release|x86
		{35AEAA6E-D935-42A9-93A6-F4731AFD6A30}.Release|x86.Build.0 = Release|x86
	EndGlobalSection
	GlobalSection(NestedProjects) = preSolution
		{B1D9AC32-B14A-4EE0-9B4F-FD529E937856} = {7770F72E-FD9C-4A11-ADBC-5E161FA8FB9A}
		{35AEAA6E-D935-42A9-93A6-F4731AFD6A30} = {9EDC4D62-84B7-4598-8E54-341A4FE9001F}
	EndGlobalSection
EndGlobal
